
Microsoft Visual Studio Solution File, Format Version 12.00
# Visual Studio Version 17
VisualStudioVersion = 17.8.34511.84
MinimumVisualStudioVersion = 10.0.40219.1
Project("{FAE04EC0-301F-11D3-BF4B-00C04F79EFBC}") = "WebAPI", "WebAPI\WebAPI.csproj", "{0E5A8727-475B-430C-8391-644231E0622A}"
EndProject
Global
	GlobalSection(SolutionConfigurationPlatforms) = preSolution
		Debug|Any CPU = Debug|Any CPU
		Release|Any CPU = Release|Any CPU
	EndGlobalSection
	GlobalSection(ProjectConfigurationPlatforms) = postSolution
		{0E5A8727-475B-430C-8391-644231E0622A}.Debug|Any CPU.ActiveCfg = Debug|Any CPU
		{0E5A8727-475B-430C-8391-644231E0622A}.Debug|Any CPU.Build.0 = Debug|Any CPU
		{0E5A8727-475B-430C-8391-644231E0622A}.Release|Any CPU.ActiveCfg = Release|Any CPU
		{0E5A8727-475B-430C-8391-644231E0622A}.Release|Any CPU.Build.0 = Release|Any CPU
	EndGlobalSection
	GlobalSection(SolutionProperties) = preSolution
		HideSolutionNode = FALSE
	EndGlobalSection
	GlobalSection(ExtensibilityGlobals) = postSolution
		SolutionGuid = {8F1136A8-199C-48C1-98B0-52F9610EDB42}
	EndGlobalSection
EndGlobal
